
Microsoft Visual Studio Solution File, Format Version 12.00
# Visual Studio 14
VisualStudioVersion = 14.0.25420.1
MinimumVisualStudioVersion = 10.0.40219.1
Project("{FAE04EC0-301F-11D3-BF4B-00C04F79EFBC}") = "unitTesting.Implementation", "unitTesting\unitTesting.Implementation.csproj", "{1D099B7B-3787-41E9-9D5B-146CD0F500FC}"
EndProject
Project("{FAE04EC0-301F-11D3-BF4B-00C04F79EFBC}") = "unitTesting.UnitTests", "unitTesting.UnitTests\unitTesting.UnitTests.csproj", "{53559787-2929-46E3-91DC-A10E4D1654D3}"
EndProject
Global
	GlobalSection(SolutionConfigurationPlatforms) = preSolution
		Debug|Any CPU = Debug|Any CPU
		Release|Any CPU = Release|Any CPU
	EndGlobalSection
	GlobalSection(ProjectConfigurationPlatforms) = postSolution
		{1D099B7B-3787-41E9-9D5B-146CD0F500FC}.Debug|Any CPU.ActiveCfg = Debug|Any CPU
		{1D099B7B-3787-41E9-9D5B-146CD0F500FC}.Debug|Any CPU.Build.0 = Debug|Any CPU
		{1D099B7B-3787-41E9-9D5B-146CD0F500FC}.Release|Any CPU.ActiveCfg = Release|Any CPU
		{1D099B7B-3787-41E9-9D5B-146CD0F500FC}.Release|Any CPU.Build.0 = Release|Any CPU
		{53559787-2929-46E3-91DC-A10E4D1654D3}.Debug|Any CPU.ActiveCfg = Debug|Any CPU
		{53559787-2929-46E3-91DC-A10E4D1654D3}.Debug|Any CPU.Build.0 = Debug|Any CPU
		{53559787-2929-46E3-91DC-A10E4D1654D3}.Release|Any CPU.ActiveCfg = Release|Any CPU
		{53559787-2929-46E3-91DC-A10E4D1654D3}.Release|Any CPU.Build.0 = Release|Any CPU
	EndGlobalSection
	GlobalSection(SolutionProperties) = preSolution
		HideSolutionNode = FALSE
	EndGlobalSection
EndGlobal
